// !$*UTF8*$!
{
	archiveVersion = 1;
	classes = {
	};
	objectVersion = 46;
	objects = {

/* Begin PBXBuildFile section */
		C939436B1D185F14000EB954 /* main.m in Sources */ = {isa = PBXBuildFile; fileRef = C939436A1D185F14000EB954 /* main.m */; };
		C939436E1D185F14000EB954 /* AppDelegate.m in Sources */ = {isa = PBXBuildFile; fileRef = C939436D1D185F14000EB954 /* AppDelegate.m */; };
		C93943711D185F14000EB954 /* ViewController.m in Sources */ = {isa = PBXBuildFile; fileRef = C93943701D185F14000EB954 /* ViewController.m */; };
		C93943741D185F14000EB954 /* Main.storyboard in Resources */ = {isa = PBXBuildFile; fileRef = C93943721D185F14000EB954 /* Main.storyboard */; };
		C93943761D185F14000EB954 /* Assets.xcassets in Resources */ = {isa = PBXBuildFile; fileRef = C93943751D185F14000EB954 /* Assets.xcassets */; };
		C93943791D185F14000EB954 /* LaunchScreen.storyboard in Resources */ = {isa = PBXBuildFile; fileRef = C93943771D185F14000EB954 /* LaunchScreen.storyboard */; };
/* End PBXBuildFile section */

/* Begin PBXFileReference section */
		C93943661D185F14000EB954 /* TextFieldDelegate.app */ = {isa = PBXFileReference; explicitFileType = wrapper.application; includeInIndex = 0; path = TextFieldDelegate.app; sourceTree = BUILT_PRODUCTS_DIR; };
		C939436A1D185F14000EB954 /* main.m */ = {isa = PBXFileReference; lastKnownFileType = sourcecode.c.objc; path = main.m; sourceTree = "<group>"; };
		C939436C1D185F14000EB954 /* AppDelegate.h */ = {isa = PBXFileReference; lastKnownFileType = sourcecode.c.h; path = AppDelegate.h; sourceTree = "<group>"; };
		C939436D1D185F14000EB954 /* AppDelegate.m */ = {isa = PBXFileReference; lastKnownFileType = sourcecode.c.objc; path = AppDelegate.m; sourceTree = "<group>"; };
		C939436F1D185F14000EB954 /* ViewController.h */ = {isa = PBXFileReference; lastKnownFileType = sourcecode.c.h; path = ViewController.h; sourceTree = "<group>"; };
		C93943701D185F14000EB954 /* ViewController.m */ = {isa = PBXFileReference; lastKnownFileType = sourcecode.c.objc; path = ViewController.m; sourceTree = "<group>"; };
		C93943731D185F14000EB954 /* Base */ = {isa = PBXFileReference; lastKnownFileType = file.storyboard; name = Base; path = Base.lproj/Main.storyboard; sourceTree = "<group>"; };
		C93943751D185F14000EB954 /* Assets.xcassets */ = {isa = PBXFileReference; lastKnownFileType = folder.assetcatalog; path = Assets.xcassets; sourceTree = "<group>"; };
		C93943781D185F14000EB954 /* Base */ = {isa = PBXFileReference; lastKnownFileType = file.storyboard; name = Base; path = Base.lproj/LaunchScreen.storyboard; sourceTree = "<group>"; };
		C939437A1D185F14000EB954 /* Info.plist */ = {isa = PBXFileReference; lastKnownFileType = text.plist.xml; path = Info.plist; sourceTree = "<group>"; };
/* End PBXFileReference section */

/* Begin PBXFrameworksBuildPhase section */
		C93943631D185F14000EB954 /* Frameworks */ = {
			isa = PBXFrameworksBuildPhase;
			buildActionMask = 2147483647;
			files = (
			);
			runOnlyForDeploymentPostprocessing = 0;
		};
/* End PBXFrameworksBuildPhase section */

/* Begin PBXGroup section */
		C939435D1D185F14000EB954 = {
			isa = PBXGroup;
			children = (
				C93943681D185F14000EB954 /* TextFieldDelegate */,
				C93943671D185F14000EB954 /* Products */,
			);
			sourceTree = "<group>";
		};
		C93943671D185F14000EB954 /* Products */ = {
			isa = PBXGroup;
			children = (
				C93943661D185F14000EB954 /* TextFieldDelegate.app */,
			);
			name = Products;
			sourceTree = "<group>";
		};
		C93943681D185F14000EB954 /* TextFieldDelegate */ = {
			isa = PBXGroup;
			children = (
				C939436C1D185F14000EB954 /* AppDelegate.h */,
				C939436D1D185F14000EB954 /* AppDelegate.m */,
				C939436F1D185F14000EB954 /* ViewController.h */,
				C93943701D185F14000EB954 /* ViewController.m */,
				C93943721D185F14000EB954 /* Main.storyboard */,
				C93943751D185F14000EB954 /* Assets.xcassets */,
				C93943771D185F14000EB954 /* LaunchScreen.storyboard */,
				C939437A1D185F14000EB954 /* Info.plist */,
				C93943691D185F14000EB954 /* Supporting Files */,
			);
			path = TextFieldDelegate;
			sourceTree = "<group>";
		};
		C93943691D185F14000EB954 /* Supporting Files */ = {
			isa = PBXGroup;
			children = (
				C939436A1D185F14000EB954 /* main.m */,
			);
			name = "Supporting Files";
			sourceTree = "<group>";
		};
/* End PBXGroup section */

/* Begin PBXNativeTarget section */
		C93943651D185F14000EB954 /* TextFieldDelegate */ = {
			isa = PBXNativeTarget;
			buildConfigurationList = C939437D1D185F14000EB954 /* Build configuration list for PBXNativeTarget "TextFieldDelegate" */;
			buildPhases = (
				C93943621D185F14000EB954 /* Sources */,
				C93943631D185F14000EB954 /* Frameworks */,
				C93943641D185F14000EB954 /* Resources */,
			);
			buildRules = (
			);
			dependencies = (
			);
			name = TextFieldDelegate;
			productName = TextFieldDelegate;
			productReference = C93943661D185F14000EB954 /* TextFieldDelegate.app */;
			productType = "com.apple.product-type.application";
		};
/* End PBXNativeTarget section */

/* Begin PBXProject section */
		C939435E1D185F14000EB954 /* Project object */ = {
			isa = PBXProject;
			attributes = {
				LastUpgradeCheck = 0730;
				ORGANIZATIONNAME = "Matt Milner";
				TargetAttributes = {
					C93943651D185F14000EB954 = {
						CreatedOnToolsVersion = 7.3.1;
					};
				};
			};
			buildConfigurationList = C93943611D185F14000EB954 /* Build configuration list for PBXProject "TextFieldDelegate" */;
			compatibilityVersion = "Xcode 3.2";
			developmentRegion = English;
			hasScannedForEncodings = 0;
			knownRegions = (
				en,
				Base,
			);
			mainGroup = C939435D1D185F14000EB954;
			productRefGroup = C93943671D185F14000EB954 /* Products */;
			projectDirPath = "";
			projectRoot = "";
			targets = (
				C93943651D185F14000EB954 /* TextFieldDelegate */,
			);
		};
/* End PBXProject section */

/* Begin PBXResourcesBuildPhase section */
		C93943641D185F14000EB954 /* Resources */ = {
			isa = PBXResourcesBuildPhase;
			buildActionMask = 2147483647;
			files = (
				C93943791D185F14000EB954 /* LaunchScreen.storyboard in Resources */,
				C93943761D185F14000EB954 /* Assets.xcassets in Resources */,
				C93943741D185F14000EB954 /* Main.storyboard in Resources */,
			);
			runOnlyForDeploymentPostprocessing = 0;
		};
/* End PBXResourcesBuildPhase section */

/* Begin PBXSourcesBuildPhase section */
		C93943621D185F14000EB954 /* Sources */ = {
			isa = PBXSourcesBuildPhase;
			buildActionMask = 2147483647;
			files = (
				C93943711D185F14000EB954 /* ViewController.m in Sources */,
				C939436E1D185F14000EB954 /* AppDelegate.m in Sources */,
				C939436B1D185F14000EB954 /* main.m in Sources */,
			);
			runOnlyForDeploymentPostprocessing = 0;
		};
/* End PBXSourcesBuildPhase section */

/* Begin PBXVariantGroup section */
		C93943721D185F14000EB954 /* Main.storyboard */ = {
			isa = PBXVariantGroup;
			children = (
				C93943731D185F14000EB954 /* Base */,
			);
			name = Main.storyboard;
			sourceTree = "<group>";
		};
		C93943771D185F14000EB954 /* LaunchScreen.storyboard */ = {
			isa = PBXVariantGroup;
			children = (
				C93943781D185F14000EB954 /* Base */,
			);
			name = LaunchScreen.storyboard;
			sourceTree = "<group>";
		};
/* End PBXVariantGroup section */

/* Begin XCBuildConfiguration section */
		C939437B1D185F14000EB954 /* Debug */ = {
			isa = XCBuildConfiguration;
			buildSettings = {
				ALWAYS_SEARCH_USER_PATHS = NO;
				CLANG_ANALYZER_NONNULL = YES;
				CLANG_CXX_LANGUAGE_STANDARD = "gnu++0x";
				CLANG_CXX_LIBRARY = "libc++";
				CLANG_ENABLE_MODULES = YES;
				CLANG_ENABLE_OBJC_ARC = YES;
				CLANG_WARN_BOOL_CONVERSION = YES;
				CLANG_WARN_CONSTANT_CONVERSION = YES;
				CLANG_WARN_DIRECT_OBJC_ISA_USAGE = YES_ERROR;
				CLANG_WARN_EMPTY_BODY = YES;
				CLANG_WARN_ENUM_CONVERSION = YES;
				CLANG_WARN_INT_CONVERSION = YES;
				CLANG_WARN_OBJC_ROOT_CLASS = YES_ERROR;
				CLANG_WARN_UNREACHABLE_CODE = YES;
				CLANG_WARN__DUPLICATE_METHOD_MATCH = YES;
				"CODE_SIGN_IDENTITY[sdk=iphoneos*]" = "iPhone Developer";
				COPY_PHASE_STRIP = NO;
				DEBUG_INFORMATION_FORMAT = dwarf;
				ENABLE_STRICT_OBJC_MSGSEND = YES;
				ENABLE_TESTABILITY = YES;
				GCC_C_LANGUAGE_STANDARD = gnu99;
				GCC_DYNAMIC_NO_PIC = NO;
				GCC_NO_COMMON_BLOCKS = YES;
				GCC_OPTIMIZATION_LEVEL = 0;
				GCC_PREPROCESSOR_DEFINITIONS = (
					"DEBUG=1",
					"$(inherited)",
				);
				GCC_WARN_64_TO_32_BIT_CONVERSION = YES;
				GCC_WARN_ABOUT_RETURN_TYPE = YES_ERROR;
				GCC_WARN_UNDECLARED_SELECTOR = YES;
				GCC_WARN_UNINITIALIZED_AUTOS = YES_AGGRESSIVE;
				GCC_WARN_UNUSED_FUNCTION = YES;
				GCC_WARN_UNUSED_VARIABLE = YES;
				IPHONEOS_DEPLOYMENT_TARGET = 9.3;
				MTL_ENABLE_DEBUG_INFO = YES;
				ONLY_ACTIVE_ARCH = YES;
				SDKROOT = iphoneos;
				TARGETED_DEVICE_FAMILY = "1,2";
			};
			name = Debug;
		};
		C939437C1D185F14000EB954 /* Release */ = {
			isa = XCBuildConfiguration;
			buildSettings = {
				ALWAYS_SEARCH_USER_PATHS = NO;
				CLANG_ANALYZER_NONNULL = YES;
				CLANG_CXX_LANGUAGE_STANDARD = "gnu++0x";
				CLANG_CXX_LIBRARY = "libc++";
				CLANG_ENABLE_MODULES = YES;
				CLANG_ENABLE_OBJC_ARC = YES;
				CLANG_WARN_BOOL_CONVERSION = YES;
				CLANG_WARN_CONSTANT_CONVERSION = YES;
				CLANG_WARN_DIRECT_OBJC_ISA_USAGE = YES_ERROR;
				CLANG_WARN_EMPTY_BODY = YES;
				CLANG_WARN_ENUM_CONVERSION = YES;
				CLANG_WARN_INT_CONVERSION = YES;
				CLANG_WARN_OBJC_ROOT_CLASS = YES_ERROR;
				CLANG_WARN_UNREACHABLE_CODE = YES;
				CLANG_WARN__DUPLICATE_METHOD_MATCH = YES;
				"CODE_SIGN_IDENTITY[sdk=iphoneos*]" = "iPhone Developer";
				COPY_PHASE_STRIP = NO;
				DEBUG_INFORMATION_FORMAT = "dwarf-with-dsym";
				ENABLE_NS_ASSERTIONS = NO;
				ENABLE_STRICT_OBJC_MSGSEND = YES;
				GCC_C_LANGUAGE_STANDARD = gnu99;
				GCC_NO_COMMON_BLOCKS = YES;
				GCC_WARN_64_TO_32_BIT_CONVERSION = YES;
				GCC_WARN_ABOUT_RETURN_TYPE = YES_ERROR;
				GCC_WARN_UNDECLARED_SELECTOR = YES;
				GCC_WARN_UNINITIALIZED_AUTOS = YES_AGGRESSIVE;
				GCC_WARN_UNUSED_FUNCTION = YES;
				GCC_WARN_UNUSED_VARIABLE = YES;
				IPHONEOS_DEPLOYMENT_TARGET = 9.3;
				MTL_ENABLE_DEBUG_INFO = NO;
				SDKROOT = iphoneos;
				TARGETED_DEVICE_FAMILY = "1,2";
				VALIDATE_PRODUCT = YES;
			};
			name = Release;
		};
		C939437E1D185F14000EB954 /* Debug */ = {
			isa = XCBuildConfiguration;
			buildSettings = {
				ASSETCATALOG_COMPILER_APPICON_NAME = AppIcon;
				GCC_TREAT_WARNINGS_AS_ERRORS = YES;
				INFOPLIST_FILE = TextFieldDelegate/Info.plist;
				LD_RUNPATH_SEARCH_PATHS = "$(inherited) @executable_path/Frameworks";
				PRODUCT_BUNDLE_IDENTIFIER = com.theironyard.houston.TextFieldDelegate;
				PRODUCT_NAME = "$(TARGET_NAME)";
			};
			name = Debug;
		};
		C939437F1D185F14000EB954 /* Release */ = {
			isa = XCBuildConfiguration;
			buildSettings = {
				ASSETCATALOG_COMPILER_APPICON_NAME = AppIcon;
				GCC_TREAT_WARNINGS_AS_ERRORS = YES;
				INFOPLIST_FILE = TextFieldDelegate/Info.plist;
				LD_RUNPATH_SEARCH_PATHS = "$(inherited) @executable_path/Frameworks";
				PRODUCT_BUNDLE_IDENTIFIER = com.theironyard.houston.TextFieldDelegate;
				PRODUCT_NAME = "$(TARGET_NAME)";
			};
			name = Release;
		};
/* End XCBuildConfiguration section */

/* Begin XCConfigurationList section */
		C93943611D185F14000EB954 /* Build configuration list for PBXProject "TextFieldDelegate" */ = {
			isa = XCConfigurationList;
			buildConfigurations = (
				C939437B1D185F14000EB954 /* Debug */,
				C939437C1D185F14000EB954 /* Release */,
			);
			defaultConfigurationIsVisible = 0;
			defaultConfigurationName = Release;
		};
		C939437D1D185F14000EB954 /* Build configuration list for PBXNativeTarget "TextFieldDelegate" */ = {
			isa = XCConfigurationList;
			buildConfigurations = (
				C939437E1D185F14000EB954 /* Debug */,
				C939437F1D185F14000EB954 /* Release */,
			);
			defaultConfigurationIsVisible = 0;
		};
/* End XCConfigurationList section */
	};
	rootObject = C939435E1D185F14000EB954 /* Project object */;
}
